
Microsoft Visual Studio Solution File, Format Version 12.00
# Visual Studio 15
VisualStudioVersion = 15.0.26403.3
MinimumVisualStudioVersion = 10.0.40219.1
Project("{FAE04EC0-301F-11D3-BF4B-00C04F79EFBC}") = "SeekU", "SeekU\SeekU.csproj", "{49194E11-51F4-4792-AF0D-32F1AA5513B4}"
EndProject
Project("{FAE04EC0-301F-11D3-BF4B-00C04F79EFBC}") = "SeekU.Tests", "SeekU.Tests\SeekU.Tests.csproj", "{F741B3E9-30E5-42B1-B137-5F3F6384A331}"
EndProject
Project("{2150E333-8FDC-42A3-9474-1A3956D46DE8}") = "Providers", "Providers", "{DFA4DDA1-7CFC-4D38-8A4D-A62EB06BD923}"
EndProject
Project("{FAE04EC0-301F-11D3-BF4B-00C04F79EFBC}") = "SeekU.Sql", "Providers\SeekU.Sql\SeekU.Sql.csproj", "{4332B0E8-6BB5-4DCE-9FDD-35A50671F44A}"
EndProject
Project("{FAE04EC0-301F-11D3-BF4B-00C04F79EFBC}") = "SeekU.FileIO", "Providers\SeekU.FileIO\SeekU.FileIO.csproj", "{FB95DDC6-7E5B-493A-BCD3-92811FB99BE2}"
EndProject
Project("{FAE04EC0-301F-11D3-BF4B-00C04F79EFBC}") = "SeekU.Azure", "Providers\SeekU.Azure\SeekU.Azure.csproj", "{5DDCFDA5-6B32-4157-A976-D7BE48607529}"
EndProject
Project("{FAE04EC0-301F-11D3-BF4B-00C04F79EFBC}") = "SeekU.StructureMap", "Providers\SeekU.StructureMap\SeekU.StructureMap.csproj", "{F4EACF40-2286-4D17-9B29-1CB8153DD9A7}"
EndProject
Project("{FAE04EC0-301F-11D3-BF4B-00C04F79EFBC}") = "SeekU.MongoDB", "Providers\SeekU.MongoDB\SeekU.MongoDB.csproj", "{AF1C448B-D76D-458E-B7F1-F93834AAE6CD}"
EndProject
Project("{FAE04EC0-301F-11D3-BF4B-00C04F79EFBC}") = "SeekU.Ninject", "Providers\SeekU.Ninject\SeekU.Ninject.csproj", "{3207019B-FED6-46B0-BABC-1CA4E55E2BB1}"
EndProject
Project("{2150E333-8FDC-42A3-9474-1A3956D46DE8}") = "nuspec", "nuspec", "{EF1C0310-6249-4BF6-8939-85B6BC419DEE}"
	ProjectSection(SolutionItems) = preProject
		nuspec\install.ps1 = nuspec\install.ps1
		nuspec\SeekU.Azure.nuspec = nuspec\SeekU.Azure.nuspec
		nuspec\SeekU.FileIO.nuspec = nuspec\SeekU.FileIO.nuspec
		nuspec\SeekU.MongoDB.nuspec = nuspec\SeekU.MongoDB.nuspec
		nuspec\SeekU.Ninject.nuspec = nuspec\SeekU.Ninject.nuspec
		nuspec\SeekU.nuspec = nuspec\SeekU.nuspec
		nuspec\SeekU.Sql.nuspec = nuspec\SeekU.Sql.nuspec
		nuspec\SeekU.StructureMap.nuspec = nuspec\SeekU.StructureMap.nuspec
	EndProjectSection
EndProject
Project("{FAE04EC0-301F-11D3-BF4B-00C04F79EFBC}") = "SampleDomain", "Samples\SampleDomain\SampleDomain.csproj", "{59C62DD8-3D6B-4F24-9856-5AC9267A71CC}"
EndProject
Global
	GlobalSection(SolutionConfigurationPlatforms) = preSolution
		Debug|Any CPU = Debug|Any CPU
		Release|Any CPU = Release|Any CPU
	EndGlobalSection
	GlobalSection(ProjectConfigurationPlatforms) = postSolution
		{49194E11-51F4-4792-AF0D-32F1AA5513B4}.Debug|Any CPU.ActiveCfg = Debug|Any CPU
		{49194E11-51F4-4792-AF0D-32F1AA5513B4}.Debug|Any CPU.Build.0 = Debug|Any CPU
		{49194E11-51F4-4792-AF0D-32F1AA5513B4}.Release|Any CPU.ActiveCfg = Release|Any CPU
		{49194E11-51F4-4792-AF0D-32F1AA5513B4}.Release|Any CPU.Build.0 = Release|Any CPU
		{F741B3E9-30E5-42B1-B137-5F3F6384A331}.Debug|Any CPU.ActiveCfg = Debug|Any CPU
		{F741B3E9-30E5-42B1-B137-5F3F6384A331}.Debug|Any CPU.Build.0 = Debug|Any CPU
		{F741B3E9-30E5-42B1-B137-5F3F6384A331}.Release|Any CPU.ActiveCfg = Release|Any CPU
		{F741B3E9-30E5-42B1-B137-5F3F6384A331}.Release|Any CPU.Build.0 = Release|Any CPU
		{4332B0E8-6BB5-4DCE-9FDD-35A50671F44A}.Debug|Any CPU.ActiveCfg = Debug|Any CPU
		{4332B0E8-6BB5-4DCE-9FDD-35A50671F44A}.Debug|Any CPU.Build.0 = Debug|Any CPU
		{4332B0E8-6BB5-4DCE-9FDD-35A50671F44A}.Release|Any CPU.ActiveCfg = Release|Any CPU
		{4332B0E8-6BB5-4DCE-9FDD-35A50671F44A}.Release|Any CPU.Build.0 = Release|Any CPU
		{FB95DDC6-7E5B-493A-BCD3-92811FB99BE2}.Debug|Any CPU.ActiveCfg = Debug|Any CPU
		{FB95DDC6-7E5B-493A-BCD3-92811FB99BE2}.Debug|Any CPU.Build.0 = Debug|Any CPU
		{FB95DDC6-7E5B-493A-BCD3-92811FB99BE2}.Release|Any CPU.ActiveCfg = Release|Any CPU
		{FB95DDC6-7E5B-493A-BCD3-92811FB99BE2}.Release|Any CPU.Build.0 = Release|Any CPU
		{5DDCFDA5-6B32-4157-A976-D7BE48607529}.Debug|Any CPU.ActiveCfg = Debug|Any CPU
		{5DDCFDA5-6B32-4157-A976-D7BE48607529}.Debug|Any CPU.Build.0 = Debug|Any CPU
		{5DDCFDA5-6B32-4157-A976-D7BE48607529}.Release|Any CPU.ActiveCfg = Release|Any CPU
		{5DDCFDA5-6B32-4157-A976-D7BE48607529}.Release|Any CPU.Build.0 = Release|Any CPU
		{F4EACF40-2286-4D17-9B29-1CB8153DD9A7}.Debug|Any CPU.ActiveCfg = Debug|Any CPU
		{F4EACF40-2286-4D17-9B29-1CB8153DD9A7}.Debug|Any CPU.Build.0 = Debug|Any CPU
		{F4EACF40-2286-4D17-9B29-1CB8153DD9A7}.Release|Any CPU.ActiveCfg = Release|Any CPU
		{F4EACF40-2286-4D17-9B29-1CB8153DD9A7}.Release|Any CPU.Build.0 = Release|Any CPU
		{AF1C448B-D76D-458E-B7F1-F93834AAE6CD}.Debug|Any CPU.ActiveCfg = Debug|Any CPU
		{AF1C448B-D76D-458E-B7F1-F93834AAE6CD}.Debug|Any CPU.Build.0 = Debug|Any CPU
		{AF1C448B-D76D-458E-B7F1-F93834AAE6CD}.Release|Any CPU.ActiveCfg = Release|Any CPU
		{AF1C448B-D76D-458E-B7F1-F93834AAE6CD}.Release|Any CPU.Build.0 = Release|Any CPU
		{3207019B-FED6-46B0-BABC-1CA4E55E2BB1}.Debug|Any CPU.ActiveCfg = Debug|Any CPU
		{3207019B-FED6-46B0-BABC-1CA4E55E2BB1}.Debug|Any CPU.Build.0 = Debug|Any CPU
		{3207019B-FED6-46B0-BABC-1CA4E55E2BB1}.Release|Any CPU.ActiveCfg = Release|Any CPU
		{3207019B-FED6-46B0-BABC-1CA4E55E2BB1}.Release|Any CPU.Build.0 = Release|Any CPU
		{59C62DD8-3D6B-4F24-9856-5AC9267A71CC}.Debug|Any CPU.ActiveCfg = Debug|Any CPU
		{59C62DD8-3D6B-4F24-9856-5AC9267A71CC}.Debug|Any CPU.Build.0 = Debug|Any CPU
		{59C62DD8-3D6B-4F24-9856-5AC9267A71CC}.Release|Any CPU.ActiveCfg = Release|Any CPU
		{59C62DD8-3D6B-4F24-9856-5AC9267A71CC}.Release|Any CPU.Build.0 = Release|Any CPU
	EndGlobalSection
	GlobalSection(SolutionProperties) = preSolution
		HideSolutionNode = FALSE
	EndGlobalSection
	GlobalSection(NestedProjects) = preSolution
		{4332B0E8-6BB5-4DCE-9FDD-35A50671F44A} = {DFA4DDA1-7CFC-4D38-8A4D-A62EB06BD923}
		{FB95DDC6-7E5B-493A-BCD3-92811FB99BE2} = {DFA4DDA1-7CFC-4D38-8A4D-A62EB06BD923}
		{5DDCFDA5-6B32-4157-A976-D7BE48607529} = {DFA4DDA1-7CFC-4D38-8A4D-A62EB06BD923}
		{F4EACF40-2286-4D17-9B29-1CB8153DD9A7} = {DFA4DDA1-7CFC-4D38-8A4D-A62EB06BD923}
		{AF1C448B-D76D-458E-B7F1-F93834AAE6CD} = {DFA4DDA1-7CFC-4D38-8A4D-A62EB06BD923}
		{3207019B-FED6-46B0-BABC-1CA4E55E2BB1} = {DFA4DDA1-7CFC-4D38-8A4D-A62EB06BD923}
	EndGlobalSection
EndGlobal
